
Microsoft Visual Studio Solution File, Format Version 12.00
# Visual Studio 15
VisualStudioVersion = 15.0.28010.2046
MinimumVisualStudioVersion = 10.0.40219.1
Project("{8BC9CEB8-8B4A-11D0-8D11-00A0C91BC942}") = "myTANK", "myTANK\myTANK.vcxproj", "{EB5BD2A8-A41E-496F-A625-C5A5589C5410}"
EndProject
Global
	GlobalSection(SolutionConfigurationPlatforms) = preSolution
		Debug|x64 = Debug|x64
		Debug|x86 = Debug|x86
		Release|x64 = Release|x64
		Release|x86 = Release|x86
	EndGlobalSection
	GlobalSection(ProjectConfigurationPlatforms) = postSolution
		{EB5BD2A8-A41E-496F-A625-C5A5589C5410}.Debug|x64.ActiveCfg = Debug|x64
		{EB5BD2A8-A41E-496F-A625-C5A5589C5410}.Debug|x64.Build.0 = Debug|x64
		{EB5BD2A8-A41E-496F-A625-C5A5589C5410}.Debug|x86.ActiveCfg = Debug|Win32
		{EB5BD2A8-A41E-496F-A625-C5A5589C5410}.Debug|x86.Build.0 = Debug|Win32
		{EB5BD2A8-A41E-496F-A625-C5A5589C5410}.Release|x64.ActiveCfg = Release|x64
		{EB5BD2A8-A41E-496F-A625-C5A5589C5410}.Release|x64.Build.0 = Release|x64
		{EB5BD2A8-A41E-496F-A625-C5A5589C5410}.Release|x86.ActiveCfg = Release|Win32
		{EB5BD2A8-A41E-496F-A625-C5A5589C5410}.Release|x86.Build.0 = Release|Win32
	EndGlobalSection
	GlobalSection(SolutionProperties) = preSolution
		HideSolutionNode = FALSE
	EndGlobalSection
	GlobalSection(ExtensibilityGlobals) = postSolution
		SolutionGuid = {9CFEFD43-9C3F-459E-8A9A-93AD8E1DCBD1}
	EndGlobalSection
EndGlobal
